
Microsoft Visual Studio Solution File, Format Version 12.00
# Visual Studio Version 16
VisualStudioVersion = 16.0.29613.14
MinimumVisualStudioVersion = 10.0.40219.1
Project("{FAE04EC0-301F-11D3-BF4B-00C04F79EFBC}") = "MyStack2", "MyStack2.csproj", "{D94DF66B-3BF6-4C84-B79A-2ACC5E61DCA3}"
EndProject
Project("{FAE04EC0-301F-11D3-BF4B-00C04F79EFBC}") = "UnitTestMyStack", "..\UnitTestMyStack\UnitTestMyStack.csproj", "{E64C6939-DB87-4479-833D-776FCA5BFD04}"
EndProject
Global
	GlobalSection(SolutionConfigurationPlatforms) = preSolution
		Debug|Any CPU = Debug|Any CPU
		Release|Any CPU = Release|Any CPU
	EndGlobalSection
	GlobalSection(ProjectConfigurationPlatforms) = postSolution
		{D94DF66B-3BF6-4C84-B79A-2ACC5E61DCA3}.Debug|Any CPU.ActiveCfg = Debug|Any CPU
		{D94DF66B-3BF6-4C84-B79A-2ACC5E61DCA3}.Debug|Any CPU.Build.0 = Debug|Any CPU
		{D94DF66B-3BF6-4C84-B79A-2ACC5E61DCA3}.Release|Any CPU.ActiveCfg = Release|Any CPU
		{D94DF66B-3BF6-4C84-B79A-2ACC5E61DCA3}.Release|Any CPU.Build.0 = Release|Any CPU
		{E64C6939-DB87-4479-833D-776FCA5BFD04}.Debug|Any CPU.ActiveCfg = Debug|Any CPU
		{E64C6939-DB87-4479-833D-776FCA5BFD04}.Debug|Any CPU.Build.0 = Debug|Any CPU
		{E64C6939-DB87-4479-833D-776FCA5BFD04}.Release|Any CPU.ActiveCfg = Release|Any CPU
		{E64C6939-DB87-4479-833D-776FCA5BFD04}.Release|Any CPU.Build.0 = Release|Any CPU
	EndGlobalSection
	GlobalSection(SolutionProperties) = preSolution
		HideSolutionNode = FALSE
	EndGlobalSection
	GlobalSection(ExtensibilityGlobals) = postSolution
		SolutionGuid = {CE858FBE-DF20-4175-A70C-2D702A52F9FB}
	EndGlobalSection
EndGlobal
